
Microsoft Visual Studio Solution File, Format Version 12.00
# Visual Studio Version 16
VisualStudioVersion = 16.0.30804.86
MinimumVisualStudioVersion = 10.0.40219.1
Project("{FAE04EC0-301F-11D3-BF4B-00C04F79EFBC}") = "SafetyTourism", "SafetyTourism\SafetyTourism.csproj", "{AECFA915-B132-4A97-9492-F2E8FC43AB6F}"
EndProject
Global
	GlobalSection(SolutionConfigurationPlatforms) = preSolution
		Debug|Any CPU = Debug|Any CPU
		Release|Any CPU = Release|Any CPU
	EndGlobalSection
	GlobalSection(ProjectConfigurationPlatforms) = postSolution
		{AECFA915-B132-4A97-9492-F2E8FC43AB6F}.Debug|Any CPU.ActiveCfg = Debug|Any CPU
		{AECFA915-B132-4A97-9492-F2E8FC43AB6F}.Debug|Any CPU.Build.0 = Debug|Any CPU
		{AECFA915-B132-4A97-9492-F2E8FC43AB6F}.Release|Any CPU.ActiveCfg = Release|Any CPU
		{AECFA915-B132-4A97-9492-F2E8FC43AB6F}.Release|Any CPU.Build.0 = Release|Any CPU
	EndGlobalSection
	GlobalSection(SolutionProperties) = preSolution
		HideSolutionNode = FALSE
	EndGlobalSection
	GlobalSection(ExtensibilityGlobals) = postSolution
		SolutionGuid = {02E34F5F-263E-4449-A5F8-88BCFD755BE5}
	EndGlobalSection
EndGlobal
